// !$*UTF8*$!
{
	archiveVersion = 1;
	classes = {
	};
	objectVersion = 51;
	objects = {

/* Begin PBXBuildFile section */
		07E2776ADE53E29B1DC2719A /* Pods_GettMobileDelivery.framework in Frameworks */ = {isa = PBXBuildFile; fileRef = C825DDB06594A0E2B233C8A7 /* Pods_GettMobileDelivery.framework */; };
		43A433F526446A0B00CE6B10 /* LocationsViewController.swift in Sources */ = {isa = PBXBuildFile; fileRef = 43A433F426446A0B00CE6B10 /* LocationsViewController.swift */; };
		43A433F726446ABA00CE6B10 /* Addresses.json in Resources */ = {isa = PBXBuildFile; fileRef = 43A433F626446ABA00CE6B10 /* Addresses.json */; };
		43A433F92645746800CE6B10 /* journey.json in Resources */ = {isa = PBXBuildFile; fileRef = 43A433F82645746800CE6B10 /* journey.json */; };
		43A433FE264576FC00CE6B10 /* MyLocation.swift in Sources */ = {isa = PBXBuildFile; fileRef = 43A433FD264576FC00CE6B10 /* MyLocation.swift */; };
		43A434002645800D00CE6B10 /* LocationTableViewCell.swift in Sources */ = {isa = PBXBuildFile; fileRef = 43A433FF2645800D00CE6B10 /* LocationTableViewCell.swift */; };
		43A434032645807700CE6B10 /* LocationTableViewCell.xib in Resources */ = {isa = PBXBuildFile; fileRef = 43A434022645807700CE6B10 /* LocationTableViewCell.xib */; };
		43A434072646747200CE6B10 /* FileDataPrivider.swift in Sources */ = {isa = PBXBuildFile; fileRef = 43A434062646747200CE6B10 /* FileDataPrivider.swift */; };
		43A4340B2646765B00CE6B10 /* JSONDecoder+Extension.swift in Sources */ = {isa = PBXBuildFile; fileRef = 43A4340A2646765B00CE6B10 /* JSONDecoder+Extension.swift */; };
		43A4340D26467D4700CE6B10 /* Errors.swift in Sources */ = {isa = PBXBuildFile; fileRef = 43A4340C26467D4700CE6B10 /* Errors.swift */; };
		43A4341126468C2C00CE6B10 /* MapViewModel.swift in Sources */ = {isa = PBXBuildFile; fileRef = 43A4341026468C2C00CE6B10 /* MapViewModel.swift */; };
		43A434132646A9D600CE6B10 /* LocationViewModel.swift in Sources */ = {isa = PBXBuildFile; fileRef = 43A434122646A9D600CE6B10 /* LocationViewModel.swift */; };
		43A434162646B7A500CE6B10 /* JSONEncoder+Extension.swift in Sources */ = {isa = PBXBuildFile; fileRef = 43A434152646B7A500CE6B10 /* JSONEncoder+Extension.swift */; };
		43A434182646E78900CE6B10 /* Notification+Extention.swift in Sources */ = {isa = PBXBuildFile; fileRef = 43A434172646E78900CE6B10 /* Notification+Extention.swift */; };
		F4B1672F2642C9F600590287 /* GoogleServices-Info.plist in Resources */ = {isa = PBXBuildFile; fileRef = F4B1672E2642C9F600590287 /* GoogleServices-Info.plist */; };
		F4BDE32126427635006FC21D /* AppDelegate.swift in Sources */ = {isa = PBXBuildFile; fileRef = F4BDE32026427635006FC21D /* AppDelegate.swift */; };
		F4BDE32326427635006FC21D /* SceneDelegate.swift in Sources */ = {isa = PBXBuildFile; fileRef = F4BDE32226427635006FC21D /* SceneDelegate.swift */; };
		F4BDE32526427635006FC21D /* MapViewController.swift in Sources */ = {isa = PBXBuildFile; fileRef = F4BDE32426427635006FC21D /* MapViewController.swift */; };
		F4BDE32826427635006FC21D /* Main.storyboard in Resources */ = {isa = PBXBuildFile; fileRef = F4BDE32626427635006FC21D /* Main.storyboard */; };
		F4BDE32A26427637006FC21D /* Assets.xcassets in Resources */ = {isa = PBXBuildFile; fileRef = F4BDE32926427637006FC21D /* Assets.xcassets */; };
		F4BDE32D26427637006FC21D /* LaunchScreen.storyboard in Resources */ = {isa = PBXBuildFile; fileRef = F4BDE32B26427637006FC21D /* LaunchScreen.storyboard */; };
/* End PBXBuildFile section */

/* Begin PBXFileReference section */
		43A433F426446A0B00CE6B10 /* LocationsViewController.swift */ = {isa = PBXFileReference; lastKnownFileType = sourcecode.swift; path = LocationsViewController.swift; sourceTree = "<group>"; };
		43A433F626446ABA00CE6B10 /* Addresses.json */ = {isa = PBXFileReference; lastKnownFileType = text.json; path = Addresses.json; sourceTree = "<group>"; };
		43A433F82645746800CE6B10 /* journey.json */ = {isa = PBXFileReference; fileEncoding = 4; lastKnownFileType = text.json; name = journey.json; path = GettMobileDelivery/journey.json; sourceTree = SOURCE_ROOT; };
		43A433FD264576FC00CE6B10 /* MyLocation.swift */ = {isa = PBXFileReference; lastKnownFileType = sourcecode.swift; path = MyLocation.swift; sourceTree = "<group>"; };
		43A433FF2645800D00CE6B10 /* LocationTableViewCell.swift */ = {isa = PBXFileReference; lastKnownFileType = sourcecode.swift; path = LocationTableViewCell.swift; sourceTree = "<group>"; };
		43A434022645807700CE6B10 /* LocationTableViewCell.xib */ = {isa = PBXFileReference; lastKnownFileType = file.xib; path = LocationTableViewCell.xib; sourceTree = "<group>"; };
		43A434062646747200CE6B10 /* FileDataPrivider.swift */ = {isa = PBXFileReference; lastKnownFileType = sourcecode.swift; path = FileDataPrivider.swift; sourceTree = "<group>"; };
		43A4340A2646765B00CE6B10 /* JSONDecoder+Extension.swift */ = {isa = PBXFileReference; lastKnownFileType = sourcecode.swift; path = "JSONDecoder+Extension.swift"; sourceTree = "<group>"; };
		43A4340C26467D4700CE6B10 /* Errors.swift */ = {isa = PBXFileReference; lastKnownFileType = sourcecode.swift; path = Errors.swift; sourceTree = "<group>"; };
		43A4341026468C2C00CE6B10 /* MapViewModel.swift */ = {isa = PBXFileReference; lastKnownFileType = sourcecode.swift; path = MapViewModel.swift; sourceTree = "<group>"; };
		43A434122646A9D600CE6B10 /* LocationViewModel.swift */ = {isa = PBXFileReference; lastKnownFileType = sourcecode.swift; path = LocationViewModel.swift; sourceTree = "<group>"; };
		43A434152646B7A500CE6B10 /* JSONEncoder+Extension.swift */ = {isa = PBXFileReference; lastKnownFileType = sourcecode.swift; path = "JSONEncoder+Extension.swift"; sourceTree = "<group>"; };
		43A434172646E78900CE6B10 /* Notification+Extention.swift */ = {isa = PBXFileReference; lastKnownFileType = sourcecode.swift; path = "Notification+Extention.swift"; sourceTree = "<group>"; };
		78139C859339A4F2746E6514 /* Pods-GettMobileDelivery.release.xcconfig */ = {isa = PBXFileReference; includeInIndex = 1; lastKnownFileType = text.xcconfig; name = "Pods-GettMobileDelivery.release.xcconfig"; path = "Target Support Files/Pods-GettMobileDelivery/Pods-GettMobileDelivery.release.xcconfig"; sourceTree = "<group>"; };
		C825DDB06594A0E2B233C8A7 /* Pods_GettMobileDelivery.framework */ = {isa = PBXFileReference; explicitFileType = wrapper.framework; includeInIndex = 0; path = Pods_GettMobileDelivery.framework; sourceTree = BUILT_PRODUCTS_DIR; };
		F3244AAC6C3F524080D2EE68 /* Pods-GettMobileDelivery.debug.xcconfig */ = {isa = PBXFileReference; includeInIndex = 1; lastKnownFileType = text.xcconfig; name = "Pods-GettMobileDelivery.debug.xcconfig"; path = "Target Support Files/Pods-GettMobileDelivery/Pods-GettMobileDelivery.debug.xcconfig"; sourceTree = "<group>"; };
		F4B1672E2642C9F600590287 /* GoogleServices-Info.plist */ = {isa = PBXFileReference; lastKnownFileType = text.plist.xml; path = "GoogleServices-Info.plist"; sourceTree = "<group>"; };
		F4BDE31D26427635006FC21D /* GettMobileDelivery.app */ = {isa = PBXFileReference; explicitFileType = wrapper.application; includeInIndex = 0; path = GettMobileDelivery.app; sourceTree = BUILT_PRODUCTS_DIR; };
		F4BDE32026427635006FC21D /* AppDelegate.swift */ = {isa = PBXFileReference; lastKnownFileType = sourcecode.swift; path = AppDelegate.swift; sourceTree = "<group>"; };
		F4BDE32226427635006FC21D /* SceneDelegate.swift */ = {isa = PBXFileReference; lastKnownFileType = sourcecode.swift; path = SceneDelegate.swift; sourceTree = "<group>"; };
		F4BDE32426427635006FC21D /* MapViewController.swift */ = {isa = PBXFileReference; lastKnownFileType = sourcecode.swift; path = MapViewController.swift; sourceTree = "<group>"; };
		F4BDE32726427635006FC21D /* Base */ = {isa = PBXFileReference; lastKnownFileType = file.storyboard; name = Base; path = Base.lproj/Main.storyboard; sourceTree = "<group>"; };
		F4BDE32926427637006FC21D /* Assets.xcassets */ = {isa = PBXFileReference; lastKnownFileType = folder.assetcatalog; path = Assets.xcassets; sourceTree = "<group>"; };
		F4BDE32C26427637006FC21D /* Base */ = {isa = PBXFileReference; lastKnownFileType = file.storyboard; name = Base; path = Base.lproj/LaunchScreen.storyboard; sourceTree = "<group>"; };
		F4BDE32E26427637006FC21D /* Info.plist */ = {isa = PBXFileReference; lastKnownFileType = text.plist.xml; path = Info.plist; sourceTree = "<group>"; };
/* End PBXFileReference section */

/* Begin PBXFrameworksBuildPhase section */
		F4BDE31A26427635006FC21D /* Frameworks */ = {
			isa = PBXFrameworksBuildPhase;
			buildActionMask = 2147483647;
			files = (
				07E2776ADE53E29B1DC2719A /* Pods_GettMobileDelivery.framework in Frameworks */,
			);
			runOnlyForDeploymentPostprocessing = 0;
		};
/* End PBXFrameworksBuildPhase section */

/* Begin PBXGroup section */
		3E02E02E1A1289E1339C8157 /* Frameworks */ = {
			isa = PBXGroup;
			children = (
				C825DDB06594A0E2B233C8A7 /* Pods_GettMobileDelivery.framework */,
			);
			name = Frameworks;
			sourceTree = "<group>";
		};
		43A433F22644598500CE6B10 /* Assets */ = {
			isa = PBXGroup;
			children = (
				F4BDE32926427637006FC21D /* Assets.xcassets */,
				F4BDE32B26427637006FC21D /* LaunchScreen.storyboard */,
			);
			name = Assets;
			sourceTree = "<group>";
		};
		43A433F3264459A200CE6B10 /* SupportingFiles */ = {
			isa = PBXGroup;
			children = (
				F4B1672E2642C9F600590287 /* GoogleServices-Info.plist */,
				F4BDE32026427635006FC21D /* AppDelegate.swift */,
				F4BDE32226427635006FC21D /* SceneDelegate.swift */,
				43A434172646E78900CE6B10 /* Notification+Extention.swift */,
			);
			path = SupportingFiles;
			sourceTree = "<group>";
		};
		43A433FA2645747500CE6B10 /* Data */ = {
			isa = PBXGroup;
			children = (
				43A433F82645746800CE6B10 /* journey.json */,
			);
			name = Data;
			sourceTree = "<group>";
		};
		43A434012645803D00CE6B10 /* Location */ = {
			isa = PBXGroup;
			children = (
				43A43404264582C300CE6B10 /* Model */,
				43A434122646A9D600CE6B10 /* LocationViewModel.swift */,
				43A433F426446A0B00CE6B10 /* LocationsViewController.swift */,
				43A433FF2645800D00CE6B10 /* LocationTableViewCell.swift */,
				43A434022645807700CE6B10 /* LocationTableViewCell.xib */,
			);
			name = Location;
			path = ..;
			sourceTree = "<group>";
		};
		43A43404264582C300CE6B10 /* Model */ = {
			isa = PBXGroup;
			children = (
				43A433FD264576FC00CE6B10 /* MyLocation.swift */,
			);
			path = Model;
			sourceTree = "<group>";
		};
		43A434052646745500CE6B10 /* DataProvider */ = {
			isa = PBXGroup;
			children = (
				43A434142646B77E00CE6B10 /* Encode */,
				43A434092646764800CE6B10 /* Decode */,
				43A433FA2645747500CE6B10 /* Data */,
				43A434062646747200CE6B10 /* FileDataPrivider.swift */,
				43A4340C26467D4700CE6B10 /* Errors.swift */,
			);
			name = DataProvider;
			sourceTree = "<group>";
		};
		43A434092646764800CE6B10 /* Decode */ = {
			isa = PBXGroup;
			children = (
				43A4340A2646765B00CE6B10 /* JSONDecoder+Extension.swift */,
			);
			path = Decode;
			sourceTree = "<group>";
		};
		43A4340E26468BF100CE6B10 /* Components */ = {
			isa = PBXGroup;
			children = (
				43A4340F26468C0B00CE6B10 /* MapConponent */,
				43A434012645803D00CE6B10 /* Location */,
			);
			path = Components;
			sourceTree = "<group>";
		};
		43A4340F26468C0B00CE6B10 /* MapConponent */ = {
			isa = PBXGroup;
			children = (
				F4BDE32426427635006FC21D /* MapViewController.swift */,
				43A4341026468C2C00CE6B10 /* MapViewModel.swift */,
			);
			name = MapConponent;
			sourceTree = "<group>";
		};
		43A434142646B77E00CE6B10 /* Encode */ = {
			isa = PBXGroup;
			children = (
				43A434152646B7A500CE6B10 /* JSONEncoder+Extension.swift */,
			);
			name = Encode;
			sourceTree = "<group>";
		};
		652779AD5493FEAA6D205324 /* Pods */ = {
			isa = PBXGroup;
			children = (
				F3244AAC6C3F524080D2EE68 /* Pods-GettMobileDelivery.debug.xcconfig */,
				78139C859339A4F2746E6514 /* Pods-GettMobileDelivery.release.xcconfig */,
			);
			path = Pods;
			sourceTree = "<group>";
		};
		F4BDE31426427635006FC21D = {
			isa = PBXGroup;
			children = (
				F4BDE31F26427635006FC21D /* GettMobileDelivery */,
				F4BDE31E26427635006FC21D /* Products */,
				652779AD5493FEAA6D205324 /* Pods */,
				3E02E02E1A1289E1339C8157 /* Frameworks */,
			);
			sourceTree = "<group>";
		};
		F4BDE31E26427635006FC21D /* Products */ = {
			isa = PBXGroup;
			children = (
				F4BDE31D26427635006FC21D /* GettMobileDelivery.app */,
			);
			name = Products;
			sourceTree = "<group>";
		};
		F4BDE31F26427635006FC21D /* GettMobileDelivery */ = {
			isa = PBXGroup;
			children = (
				43A433F3264459A200CE6B10 /* SupportingFiles */,
				43A433F22644598500CE6B10 /* Assets */,
				43A434052646745500CE6B10 /* DataProvider */,
				43A4340E26468BF100CE6B10 /* Components */,
				F4BDE32626427635006FC21D /* Main.storyboard */,
				F4BDE32E26427637006FC21D /* Info.plist */,
				43A433F626446ABA00CE6B10 /* Addresses.json */,
			);
			path = GettMobileDelivery;
			sourceTree = "<group>";
		};
/* End PBXGroup section */

/* Begin PBXNativeTarget section */
		F4BDE31C26427635006FC21D /* GettMobileDelivery */ = {
			isa = PBXNativeTarget;
			buildConfigurationList = F4BDE33126427637006FC21D /* Build configuration list for PBXNativeTarget "GettMobileDelivery" */;
			buildPhases = (
				061A523D3A0B09CB84C6CEE0 /* [CP] Check Pods Manifest.lock */,
				F4BDE31926427635006FC21D /* Sources */,
				F4BDE31A26427635006FC21D /* Frameworks */,
				F4BDE31B26427635006FC21D /* Resources */,
				7F44637505C917784B547D0E /* [CP] Copy Pods Resources */,
			);
			buildRules = (
			);
			dependencies = (
			);
			name = GettMobileDelivery;
			productName = GettMobileDelivery;
			productReference = F4BDE31D26427635006FC21D /* GettMobileDelivery.app */;
			productType = "com.apple.product-type.application";
		};
/* End PBXNativeTarget section */

/* Begin PBXProject section */
		F4BDE31526427635006FC21D /* Project object */ = {
			isa = PBXProject;
			attributes = {
				LastSwiftUpdateCheck = 1240;
				LastUpgradeCheck = 1240;
				TargetAttributes = {
					F4BDE31C26427635006FC21D = {
						CreatedOnToolsVersion = 12.4;
					};
				};
			};
			buildConfigurationList = F4BDE31826427635006FC21D /* Build configuration list for PBXProject "GettMobileDelivery" */;
			compatibilityVersion = "Xcode 9.3";
			developmentRegion = en;
			hasScannedForEncodings = 0;
			knownRegions = (
				en,
				Base,
			);
			mainGroup = F4BDE31426427635006FC21D;
			productRefGroup = F4BDE31E26427635006FC21D /* Products */;
			projectDirPath = "";
			projectRoot = "";
			targets = (
				F4BDE31C26427635006FC21D /* GettMobileDelivery */,
			);
		};
/* End PBXProject section */

/* Begin PBXResourcesBuildPhase section */
		F4BDE31B26427635006FC21D /* Resources */ = {
			isa = PBXResourcesBuildPhase;
			buildActionMask = 2147483647;
			files = (
				43A433F726446ABA00CE6B10 /* Addresses.json in Resources */,
				F4BDE32D26427637006FC21D /* LaunchScreen.storyboard in Resources */,
				43A433F92645746800CE6B10 /* journey.json in Resources */,
				F4BDE32A26427637006FC21D /* Assets.xcassets in Resources */,
				43A434032645807700CE6B10 /* LocationTableViewCell.xib in Resources */,
				F4B1672F2642C9F600590287 /* GoogleServices-Info.plist in Resources */,
				F4BDE32826427635006FC21D /* Main.storyboard in Resources */,
			);
			runOnlyForDeploymentPostprocessing = 0;
		};
/* End PBXResourcesBuildPhase section */

/* Begin PBXShellScriptBuildPhase section */
		061A523D3A0B09CB84C6CEE0 /* [CP] Check Pods Manifest.lock */ = {
			isa = PBXShellScriptBuildPhase;
			buildActionMask = 2147483647;
			files = (
			);
			inputFileListPaths = (
			);
			inputPaths = (
				"${PODS_PODFILE_DIR_PATH}/Podfile.lock",
				"${PODS_ROOT}/Manifest.lock",
			);
			name = "[CP] Check Pods Manifest.lock";
			outputFileListPaths = (
			);
			outputPaths = (
				"$(DERIVED_FILE_DIR)/Pods-GettMobileDelivery-checkManifestLockResult.txt",
			);
			runOnlyForDeploymentPostprocessing = 0;
			shellPath = /bin/sh;
			shellScript = "diff \"${PODS_PODFILE_DIR_PATH}/Podfile.lock\" \"${PODS_ROOT}/Manifest.lock\" > /dev/null\nif [ $? != 0 ] ; then\n    # print error to STDERR\n    echo \"error: The sandbox is not in sync with the Podfile.lock. Run 'pod install' or update your CocoaPods installation.\" >&2\n    exit 1\nfi\n# This output is used by Xcode 'outputs' to avoid re-running this script phase.\necho \"SUCCESS\" > \"${SCRIPT_OUTPUT_FILE_0}\"\n";
			showEnvVarsInLog = 0;
		};
		7F44637505C917784B547D0E /* [CP] Copy Pods Resources */ = {
			isa = PBXShellScriptBuildPhase;
			buildActionMask = 2147483647;
			files = (
			);
			inputFileListPaths = (
				"${PODS_ROOT}/Target Support Files/Pods-GettMobileDelivery/Pods-GettMobileDelivery-resources-${CONFIGURATION}-input-files.xcfilelist",
			);
			name = "[CP] Copy Pods Resources";
			outputFileListPaths = (
				"${PODS_ROOT}/Target Support Files/Pods-GettMobileDelivery/Pods-GettMobileDelivery-resources-${CONFIGURATION}-output-files.xcfilelist",
			);
			runOnlyForDeploymentPostprocessing = 0;
			shellPath = /bin/sh;
			shellScript = "\"${PODS_ROOT}/Target Support Files/Pods-GettMobileDelivery/Pods-GettMobileDelivery-resources.sh\"\n";
			showEnvVarsInLog = 0;
		};
/* End PBXShellScriptBuildPhase section */

/* Begin PBXSourcesBuildPhase section */
		F4BDE31926427635006FC21D /* Sources */ = {
			isa = PBXSourcesBuildPhase;
			buildActionMask = 2147483647;
			files = (
				43A433FE264576FC00CE6B10 /* MyLocation.swift in Sources */,
				43A434162646B7A500CE6B10 /* JSONEncoder+Extension.swift in Sources */,
				43A4341126468C2C00CE6B10 /* MapViewModel.swift in Sources */,
				43A434132646A9D600CE6B10 /* LocationViewModel.swift in Sources */,
				F4BDE32526427635006FC21D /* MapViewController.swift in Sources */,
				43A434002645800D00CE6B10 /* LocationTableViewCell.swift in Sources */,
				43A4340B2646765B00CE6B10 /* JSONDecoder+Extension.swift in Sources */,
				43A434182646E78900CE6B10 /* Notification+Extention.swift in Sources */,
				43A433F526446A0B00CE6B10 /* LocationsViewController.swift in Sources */,
				F4BDE32126427635006FC21D /* AppDelegate.swift in Sources */,
				F4BDE32326427635006FC21D /* SceneDelegate.swift in Sources */,
				43A4340D26467D4700CE6B10 /* Errors.swift in Sources */,
				43A434072646747200CE6B10 /* FileDataPrivider.swift in Sources */,
			);
			runOnlyForDeploymentPostprocessing = 0;
		};
/* End PBXSourcesBuildPhase section */

/* Begin PBXVariantGroup section */
		F4BDE32626427635006FC21D /* Main.storyboard */ = {
			isa = PBXVariantGroup;
			children = (
				F4BDE32726427635006FC21D /* Base */,
			);
			name = Main.storyboard;
			sourceTree = "<group>";
		};
		F4BDE32B26427637006FC21D /* LaunchScreen.storyboard */ = {
			isa = PBXVariantGroup;
			children = (
				F4BDE32C26427637006FC21D /* Base */,
			);
			name = LaunchScreen.storyboard;
			sourceTree = "<group>";
		};
/* End PBXVariantGroup section */

/* Begin XCBuildConfiguration section */
		F4BDE32F26427637006FC21D /* Debug */ = {
			isa = XCBuildConfiguration;
			buildSettings = {
				ALWAYS_SEARCH_USER_PATHS = NO;
				CLANG_ANALYZER_NONNULL = YES;
				CLANG_ANALYZER_NUMBER_OBJECT_CONVERSION = YES_AGGRESSIVE;
				CLANG_CXX_LANGUAGE_STANDARD = "gnu++14";
				CLANG_CXX_LIBRARY = "libc++";
				CLANG_ENABLE_MODULES = YES;
				CLANG_ENABLE_OBJC_ARC = YES;
				CLANG_ENABLE_OBJC_WEAK = YES;
				CLANG_WARN_BLOCK_CAPTURE_AUTORELEASING = YES;
				CLANG_WARN_BOOL_CONVERSION = YES;
				CLANG_WARN_COMMA = YES;
				CLANG_WARN_CONSTANT_CONVERSION = YES;
				CLANG_WARN_DEPRECATED_OBJC_IMPLEMENTATIONS = YES;
				CLANG_WARN_DIRECT_OBJC_ISA_USAGE = YES_ERROR;
				CLANG_WARN_DOCUMENTATION_COMMENTS = YES;
				CLANG_WARN_EMPTY_BODY = YES;
				CLANG_WARN_ENUM_CONVERSION = YES;
				CLANG_WARN_INFINITE_RECURSION = YES;
				CLANG_WARN_INT_CONVERSION = YES;
				CLANG_WARN_NON_LITERAL_NULL_CONVERSION = YES;
				CLANG_WARN_OBJC_IMPLICIT_RETAIN_SELF = YES;
				CLANG_WARN_OBJC_LITERAL_CONVERSION = YES;
				CLANG_WARN_OBJC_ROOT_CLASS = YES_ERROR;
				CLANG_WARN_QUOTED_INCLUDE_IN_FRAMEWORK_HEADER = YES;
				CLANG_WARN_RANGE_LOOP_ANALYSIS = YES;
				CLANG_WARN_STRICT_PROTOTYPES = YES;
				CLANG_WARN_SUSPICIOUS_MOVE = YES;
				CLANG_WARN_UNGUARDED_AVAILABILITY = YES_AGGRESSIVE;
				CLANG_WARN_UNREACHABLE_CODE = YES;
				CLANG_WARN__DUPLICATE_METHOD_MATCH = YES;
				COPY_PHASE_STRIP = NO;
				DEBUG_INFORMATION_FORMAT = dwarf;
				ENABLE_STRICT_OBJC_MSGSEND = YES;
				ENABLE_TESTABILITY = YES;
				GCC_C_LANGUAGE_STANDARD = gnu11;
				GCC_DYNAMIC_NO_PIC = NO;
				GCC_NO_COMMON_BLOCKS = YES;
				GCC_OPTIMIZATION_LEVEL = 0;
				GCC_PREPROCESSOR_DEFINITIONS = (
					"DEBUG=1",
					"$(inherited)",
				);
				GCC_WARN_64_TO_32_BIT_CONVERSION = YES;
				GCC_WARN_ABOUT_RETURN_TYPE = YES_ERROR;
				GCC_WARN_UNDECLARED_SELECTOR = YES;
				GCC_WARN_UNINITIALIZED_AUTOS = YES_AGGRESSIVE;
				GCC_WARN_UNUSED_FUNCTION = YES;
				GCC_WARN_UNUSED_VARIABLE = YES;
				IPHONEOS_DEPLOYMENT_TARGET = 14.4;
				MTL_ENABLE_DEBUG_INFO = INCLUDE_SOURCE;
				MTL_FAST_MATH = YES;
				ONLY_ACTIVE_ARCH = YES;
				SDKROOT = iphoneos;
				SWIFT_ACTIVE_COMPILATION_CONDITIONS = DEBUG;
				SWIFT_OPTIMIZATION_LEVEL = "-Onone";
			};
			name = Debug;
		};
		F4BDE33026427637006FC21D /* Release */ = {
			isa = XCBuildConfiguration;
			buildSettings = {
				ALWAYS_SEARCH_USER_PATHS = NO;
				CLANG_ANALYZER_NONNULL = YES;
				CLANG_ANALYZER_NUMBER_OBJECT_CONVERSION = YES_AGGRESSIVE;
				CLANG_CXX_LANGUAGE_STANDARD = "gnu++14";
				CLANG_CXX_LIBRARY = "libc++";
				CLANG_ENABLE_MODULES = YES;
				CLANG_ENABLE_OBJC_ARC = YES;
				CLANG_ENABLE_OBJC_WEAK = YES;
				CLANG_WARN_BLOCK_CAPTURE_AUTORELEASING = YES;
				CLANG_WARN_BOOL_CONVERSION = YES;
				CLANG_WARN_COMMA = YES;
				CLANG_WARN_CONSTANT_CONVERSION = YES;
				CLANG_WARN_DEPRECATED_OBJC_IMPLEMENTATIONS = YES;
				CLANG_WARN_DIRECT_OBJC_ISA_USAGE = YES_ERROR;
				CLANG_WARN_DOCUMENTATION_COMMENTS = YES;
				CLANG_WARN_EMPTY_BODY = YES;
				CLANG_WARN_ENUM_CONVERSION = YES;
				CLANG_WARN_INFINITE_RECURSION = YES;
				CLANG_WARN_INT_CONVERSION = YES;
				CLANG_WARN_NON_LITERAL_NULL_CONVERSION = YES;
				CLANG_WARN_OBJC_IMPLICIT_RETAIN_SELF = YES;
				CLANG_WARN_OBJC_LITERAL_CONVERSION = YES;
				CLANG_WARN_OBJC_ROOT_CLASS = YES_ERROR;
				CLANG_WARN_QUOTED_INCLUDE_IN_FRAMEWORK_HEADER = YES;
				CLANG_WARN_RANGE_LOOP_ANALYSIS = YES;
				CLANG_WARN_STRICT_PROTOTYPES = YES;
				CLANG_WARN_SUSPICIOUS_MOVE = YES;
				CLANG_WARN_UNGUARDED_AVAILABILITY = YES_AGGRESSIVE;
				CLANG_WARN_UNREACHABLE_CODE = YES;
				CLANG_WARN__DUPLICATE_METHOD_MATCH = YES;
				COPY_PHASE_STRIP = NO;
				DEBUG_INFORMATION_FORMAT = "dwarf-with-dsym";
				ENABLE_NS_ASSERTIONS = NO;
				ENABLE_STRICT_OBJC_MSGSEND = YES;
				GCC_C_LANGUAGE_STANDARD = gnu11;
				GCC_NO_COMMON_BLOCKS = YES;
				GCC_WARN_64_TO_32_BIT_CONVERSION = YES;
				GCC_WARN_ABOUT_RETURN_TYPE = YES_ERROR;
				GCC_WARN_UNDECLARED_SELECTOR = YES;
				GCC_WARN_UNINITIALIZED_AUTOS = YES_AGGRESSIVE;
				GCC_WARN_UNUSED_FUNCTION = YES;
				GCC_WARN_UNUSED_VARIABLE = YES;
				IPHONEOS_DEPLOYMENT_TARGET = 14.4;
				MTL_ENABLE_DEBUG_INFO = NO;
				MTL_FAST_MATH = YES;
				SDKROOT = iphoneos;
				SWIFT_COMPILATION_MODE = wholemodule;
				SWIFT_OPTIMIZATION_LEVEL = "-O";
				VALIDATE_PRODUCT = YES;
			};
			name = Release;
		};
		F4BDE33226427637006FC21D /* Debug */ = {
			isa = XCBuildConfiguration;
			baseConfigurationReference = F3244AAC6C3F524080D2EE68 /* Pods-GettMobileDelivery.debug.xcconfig */;
			buildSettings = {
				ASSETCATALOG_COMPILER_APPICON_NAME = AppIcon;
				ASSETCATALOG_COMPILER_GLOBAL_ACCENT_COLOR_NAME = AccentColor;
				CODE_SIGN_STYLE = Automatic;
				DEVELOPMENT_TEAM = 8JNH7ZGAY6;
				INFOPLIST_FILE = GettMobileDelivery/Info.plist;
				LD_RUNPATH_SEARCH_PATHS = (
					"$(inherited)",
					"@executable_path/Frameworks",
				);
				PRODUCT_BUNDLE_IDENTIFIER = gett.mobile.delivery.GettMobileDelivery;
				PRODUCT_NAME = "$(TARGET_NAME)";
				SWIFT_VERSION = 5.0;
				TARGETED_DEVICE_FAMILY = "1,2";
			};
			name = Debug;
		};
		F4BDE33326427637006FC21D /* Release */ = {
			isa = XCBuildConfiguration;
			baseConfigurationReference = 78139C859339A4F2746E6514 /* Pods-GettMobileDelivery.release.xcconfig */;
			buildSettings = {
				ASSETCATALOG_COMPILER_APPICON_NAME = AppIcon;
				ASSETCATALOG_COMPILER_GLOBAL_ACCENT_COLOR_NAME = AccentColor;
				CODE_SIGN_STYLE = Automatic;
				DEVELOPMENT_TEAM = 8JNH7ZGAY6;
				INFOPLIST_FILE = GettMobileDelivery/Info.plist;
				LD_RUNPATH_SEARCH_PATHS = (
					"$(inherited)",
					"@executable_path/Frameworks",
				);
				PRODUCT_BUNDLE_IDENTIFIER = gett.mobile.delivery.GettMobileDelivery;
				PRODUCT_NAME = "$(TARGET_NAME)";
				SWIFT_VERSION = 5.0;
				TARGETED_DEVICE_FAMILY = "1,2";
			};
			name = Release;
		};
/* End XCBuildConfiguration section */

/* Begin XCConfigurationList section */
		F4BDE31826427635006FC21D /* Build configuration list for PBXProject "GettMobileDelivery" */ = {
			isa = XCConfigurationList;
			buildConfigurations = (
				F4BDE32F26427637006FC21D /* Debug */,
				F4BDE33026427637006FC21D /* Release */,
			);
			defaultConfigurationIsVisible = 0;
			defaultConfigurationName = Release;
		};
		F4BDE33126427637006FC21D /* Build configuration list for PBXNativeTarget "GettMobileDelivery" */ = {
			isa = XCConfigurationList;
			buildConfigurations = (
				F4BDE33226427637006FC21D /* Debug */,
				F4BDE33326427637006FC21D /* Release */,
			);
			defaultConfigurationIsVisible = 0;
			defaultConfigurationName = Release;
		};
/* End XCConfigurationList section */
	};
	rootObject = F4BDE31526427635006FC21D /* Project object */;
}
